
Microsoft Visual Studio Solution File, Format Version 12.00
# Visual Studio 14
VisualStudioVersion = 14.0.25420.1
MinimumVisualStudioVersion = 10.0.40219.1
Project("{FAE04EC0-301F-11D3-BF4B-00C04F79EFBC}") = "Problem1_ListyIterator", "Problem1_ListyIterator\Problem1_ListyIterator.csproj", "{E1086B85-DE5F-4A2F-A4FE-9B84CF8931A9}"
EndProject
Project("{FAE04EC0-301F-11D3-BF4B-00C04F79EFBC}") = "Problem2_Collection", "Problem2_Collection\Problem2_Collection.csproj", "{6BA3655B-D123-4E21-A6AA-B3F5C41BADFC}"
EndProject
Project("{FAE04EC0-301F-11D3-BF4B-00C04F79EFBC}") = "Problem3_Stack", "Problem3_Stack\Problem3_Stack.csproj", "{221B090A-560F-400B-9224-15EAC3458C3F}"
EndProject
Global
	GlobalSection(SolutionConfigurationPlatforms) = preSolution
		Debug|Any CPU = Debug|Any CPU
		Release|Any CPU = Release|Any CPU
	EndGlobalSection
	GlobalSection(ProjectConfigurationPlatforms) = postSolution
		{E1086B85-DE5F-4A2F-A4FE-9B84CF8931A9}.Debug|Any CPU.ActiveCfg = Debug|Any CPU
		{E1086B85-DE5F-4A2F-A4FE-9B84CF8931A9}.Debug|Any CPU.Build.0 = Debug|Any CPU
		{E1086B85-DE5F-4A2F-A4FE-9B84CF8931A9}.Release|Any CPU.ActiveCfg = Release|Any CPU
		{E1086B85-DE5F-4A2F-A4FE-9B84CF8931A9}.Release|Any CPU.Build.0 = Release|Any CPU
		{6BA3655B-D123-4E21-A6AA-B3F5C41BADFC}.Debug|Any CPU.ActiveCfg = Debug|Any CPU
		{6BA3655B-D123-4E21-A6AA-B3F5C41BADFC}.Debug|Any CPU.Build.0 = Debug|Any CPU
		{6BA3655B-D123-4E21-A6AA-B3F5C41BADFC}.Release|Any CPU.ActiveCfg = Release|Any CPU
		{6BA3655B-D123-4E21-A6AA-B3F5C41BADFC}.Release|Any CPU.Build.0 = Release|Any CPU
		{221B090A-560F-400B-9224-15EAC3458C3F}.Debug|Any CPU.ActiveCfg = Debug|Any CPU
		{221B090A-560F-400B-9224-15EAC3458C3F}.Debug|Any CPU.Build.0 = Debug|Any CPU
		{221B090A-560F-400B-9224-15EAC3458C3F}.Release|Any CPU.ActiveCfg = Release|Any CPU
		{221B090A-560F-400B-9224-15EAC3458C3F}.Release|Any CPU.Build.0 = Release|Any CPU
	EndGlobalSection
	GlobalSection(SolutionProperties) = preSolution
		HideSolutionNode = FALSE
	EndGlobalSection
EndGlobal
